
Microsoft Visual Studio Solution File, Format Version 12.00
# Visual Studio Version 17
VisualStudioVersion = 17.0.31903.59
MinimumVisualStudioVersion = 10.0.40219.1
Project("{2150E333-8FDC-42A3-9474-1A3956D46DE8}") = "src", "src", "{827E0CD3-B72D-47B6-A68D-7590B98EB39B}"
EndProject
Project("{FAE04EC0-301F-11D3-BF4B-00C04F79EFBC}") = "Api", "src\Api\Api.csproj", "{AB243053-7282-45D0-A16D-6FC0A93BB45B}"
EndProject
Project("{FAE04EC0-301F-11D3-BF4B-00C04F79EFBC}") = "Application", "src\Application\Application.csproj", "{F4DF0705-613D-428F-8939-B3CE4D90A8F0}"
EndProject
Project("{FAE04EC0-301F-11D3-BF4B-00C04F79EFBC}") = "Domain", "src\Domain\Domain.csproj", "{6B9D0991-87E4-4544-93C1-4CF7FE491755}"
EndProject
Project("{FAE04EC0-301F-11D3-BF4B-00C04F79EFBC}") = "Infrastructure", "src\Infrastructure\Infrastructure.csproj", "{6F18A38A-CAF1-43BB-B19B-1B7AC60CCF29}"
EndProject
Project("{2150E333-8FDC-42A3-9474-1A3956D46DE8}") = "test", "test", "{0C88DD14-F956-CE84-757C-A364CCF449FC}"
EndProject
Project("{FAE04EC0-301F-11D3-BF4B-00C04F79EFBC}") = "Application.Tests", "test\Application.Tests\Application.Tests.csproj", "{CF9FF83A-E831-48A6-B98A-FDA7B108717E}"
EndProject
Project("{FAE04EC0-301F-11D3-BF4B-00C04F79EFBC}") = "Domain.Tests", "test\Domain.Tests\Domain.Tests.csproj", "{5E86DF4E-2E72-418A-8B46-56107CB1CBBC}"
EndProject
Project("{FAE04EC0-301F-11D3-BF4B-00C04F79EFBC}") = "Infrastructure.Tests", "test\Infrastructure.Tests\Infrastructure.Tests.csproj", "{A5714EE4-4B9D-4F3F-ABDF-CFEDAFD431F5}"
EndProject
Global
	GlobalSection(SolutionConfigurationPlatforms) = preSolution
		Debug|Any CPU = Debug|Any CPU
		Debug|x64 = Debug|x64
		Debug|x86 = Debug|x86
		Release|Any CPU = Release|Any CPU
		Release|x64 = Release|x64
		Release|x86 = Release|x86
	EndGlobalSection
	GlobalSection(ProjectConfigurationPlatforms) = postSolution
		{AB243053-7282-45D0-A16D-6FC0A93BB45B}.Debug|Any CPU.ActiveCfg = Debug|Any CPU
		{AB243053-7282-45D0-A16D-6FC0A93BB45B}.Debug|Any CPU.Build.0 = Debug|Any CPU
		{AB243053-7282-45D0-A16D-6FC0A93BB45B}.Debug|x64.ActiveCfg = Debug|Any CPU
		{AB243053-7282-45D0-A16D-6FC0A93BB45B}.Debug|x64.Build.0 = Debug|Any CPU
		{AB243053-7282-45D0-A16D-6FC0A93BB45B}.Debug|x86.ActiveCfg = Debug|Any CPU
		{AB243053-7282-45D0-A16D-6FC0A93BB45B}.Debug|x86.Build.0 = Debug|Any CPU
		{AB243053-7282-45D0-A16D-6FC0A93BB45B}.Release|Any CPU.ActiveCfg = Release|Any CPU
		{AB243053-7282-45D0-A16D-6FC0A93BB45B}.Release|Any CPU.Build.0 = Release|Any CPU
		{AB243053-7282-45D0-A16D-6FC0A93BB45B}.Release|x64.ActiveCfg = Release|Any CPU
		{AB243053-7282-45D0-A16D-6FC0A93BB45B}.Release|x64.Build.0 = Release|Any CPU
		{AB243053-7282-45D0-A16D-6FC0A93BB45B}.Release|x86.ActiveCfg = Release|Any CPU
		{AB243053-7282-45D0-A16D-6FC0A93BB45B}.Release|x86.Build.0 = Release|Any CPU
		{F4DF0705-613D-428F-8939-B3CE4D90A8F0}.Debug|Any CPU.ActiveCfg = Debug|Any CPU
		{F4DF0705-613D-428F-8939-B3CE4D90A8F0}.Debug|Any CPU.Build.0 = Debug|Any CPU
		{F4DF0705-613D-428F-8939-B3CE4D90A8F0}.Debug|x64.ActiveCfg = Debug|Any CPU
		{F4DF0705-613D-428F-8939-B3CE4D90A8F0}.Debug|x64.Build.0 = Debug|Any CPU
		{F4DF0705-613D-428F-8939-B3CE4D90A8F0}.Debug|x86.ActiveCfg = Debug|Any CPU
		{F4DF0705-613D-428F-8939-B3CE4D90A8F0}.Debug|x86.Build.0 = Debug|Any CPU
		{F4DF0705-613D-428F-8939-B3CE4D90A8F0}.Release|Any CPU.ActiveCfg = Release|Any CPU
		{F4DF0705-613D-428F-8939-B3CE4D90A8F0}.Release|Any CPU.Build.0 = Release|Any CPU
		{F4DF0705-613D-428F-8939-B3CE4D90A8F0}.Release|x64.ActiveCfg = Release|Any CPU
		{F4DF0705-613D-428F-8939-B3CE4D90A8F0}.Release|x64.Build.0 = Release|Any CPU
		{F4DF0705-613D-428F-8939-B3CE4D90A8F0}.Release|x86.ActiveCfg = Release|Any CPU
		{F4DF0705-613D-428F-8939-B3CE4D90A8F0}.Release|x86.Build.0 = Release|Any CPU
		{6B9D0991-87E4-4544-93C1-4CF7FE491755}.Debug|Any CPU.ActiveCfg = Debug|Any CPU
		{6B9D0991-87E4-4544-93C1-4CF7FE491755}.Debug|Any CPU.Build.0 = Debug|Any CPU
		{6B9D0991-87E4-4544-93C1-4CF7FE491755}.Debug|x64.ActiveCfg = Debug|Any CPU
		{6B9D0991-87E4-4544-93C1-4CF7FE491755}.Debug|x64.Build.0 = Debug|Any CPU
		{6B9D0991-87E4-4544-93C1-4CF7FE491755}.Debug|x86.ActiveCfg = Debug|Any CPU
		{6B9D0991-87E4-4544-93C1-4CF7FE491755}.Debug|x86.Build.0 = Debug|Any CPU
		{6B9D0991-87E4-4544-93C1-4CF7FE491755}.Release|Any CPU.ActiveCfg = Release|Any CPU
		{6B9D0991-87E4-4544-93C1-4CF7FE491755}.Release|Any CPU.Build.0 = Release|Any CPU
		{6B9D0991-87E4-4544-93C1-4CF7FE491755}.Release|x64.ActiveCfg = Release|Any CPU
		{6B9D0991-87E4-4544-93C1-4CF7FE491755}.Release|x64.Build.0 = Release|Any CPU
		{6B9D0991-87E4-4544-93C1-4CF7FE491755}.Release|x86.ActiveCfg = Release|Any CPU
		{6B9D0991-87E4-4544-93C1-4CF7FE491755}.Release|x86.Build.0 = Release|Any CPU
		{6F18A38A-CAF1-43BB-B19B-1B7AC60CCF29}.Debug|Any CPU.ActiveCfg = Debug|Any CPU
		{6F18A38A-CAF1-43BB-B19B-1B7AC60CCF29}.Debug|Any CPU.Build.0 = Debug|Any CPU
		{6F18A38A-CAF1-43BB-B19B-1B7AC60CCF29}.Debug|x64.ActiveCfg = Debug|Any CPU
		{6F18A38A-CAF1-43BB-B19B-1B7AC60CCF29}.Debug|x64.Build.0 = Debug|Any CPU
		{6F18A38A-CAF1-43BB-B19B-1B7AC60CCF29}.Debug|x86.ActiveCfg = Debug|Any CPU
		{6F18A38A-CAF1-43BB-B19B-1B7AC60CCF29}.Debug|x86.Build.0 = Debug|Any CPU
		{6F18A38A-CAF1-43BB-B19B-1B7AC60CCF29}.Release|Any CPU.ActiveCfg = Release|Any CPU
		{6F18A38A-CAF1-43BB-B19B-1B7AC60CCF29}.Release|Any CPU.Build.0 = Release|Any CPU
		{6F18A38A-CAF1-43BB-B19B-1B7AC60CCF29}.Release|x64.ActiveCfg = Release|Any CPU
		{6F18A38A-CAF1-43BB-B19B-1B7AC60CCF29}.Release|x64.Build.0 = Release|Any CPU
		{6F18A38A-CAF1-43BB-B19B-1B7AC60CCF29}.Release|x86.ActiveCfg = Release|Any CPU
		{6F18A38A-CAF1-43BB-B19B-1B7AC60CCF29}.Release|x86.Build.0 = Release|Any CPU
		{CF9FF83A-E831-48A6-B98A-FDA7B108717E}.Debug|Any CPU.ActiveCfg = Debug|Any CPU
		{CF9FF83A-E831-48A6-B98A-FDA7B108717E}.Debug|Any CPU.Build.0 = Debug|Any CPU
		{CF9FF83A-E831-48A6-B98A-FDA7B108717E}.Debug|x64.ActiveCfg = Debug|Any CPU
		{CF9FF83A-E831-48A6-B98A-FDA7B108717E}.Debug|x64.Build.0 = Debug|Any CPU
		{CF9FF83A-E831-48A6-B98A-FDA7B108717E}.Debug|x86.ActiveCfg = Debug|Any CPU
		{CF9FF83A-E831-48A6-B98A-FDA7B108717E}.Debug|x86.Build.0 = Debug|Any CPU
		{CF9FF83A-E831-48A6-B98A-FDA7B108717E}.Release|Any CPU.ActiveCfg = Release|Any CPU
		{CF9FF83A-E831-48A6-B98A-FDA7B108717E}.Release|Any CPU.Build.0 = Release|Any CPU
		{CF9FF83A-E831-48A6-B98A-FDA7B108717E}.Release|x64.ActiveCfg = Release|Any CPU
		{CF9FF83A-E831-48A6-B98A-FDA7B108717E}.Release|x64.Build.0 = Release|Any CPU
		{CF9FF83A-E831-48A6-B98A-FDA7B108717E}.Release|x86.ActiveCfg = Release|Any CPU
		{CF9FF83A-E831-48A6-B98A-FDA7B108717E}.Release|x86.Build.0 = Release|Any CPU
		{5E86DF4E-2E72-418A-8B46-56107CB1CBBC}.Debug|Any CPU.ActiveCfg = Debug|Any CPU
		{5E86DF4E-2E72-418A-8B46-56107CB1CBBC}.Debug|Any CPU.Build.0 = Debug|Any CPU
		{5E86DF4E-2E72-418A-8B46-56107CB1CBBC}.Debug|x64.ActiveCfg = Debug|Any CPU
		{5E86DF4E-2E72-418A-8B46-56107CB1CBBC}.Debug|x64.Build.0 = Debug|Any CPU
		{5E86DF4E-2E72-418A-8B46-56107CB1CBBC}.Debug|x86.ActiveCfg = Debug|Any CPU
		{5E86DF4E-2E72-418A-8B46-56107CB1CBBC}.Debug|x86.Build.0 = Debug|Any CPU
		{5E86DF4E-2E72-418A-8B46-56107CB1CBBC}.Release|Any CPU.ActiveCfg = Release|Any CPU
		{5E86DF4E-2E72-418A-8B46-56107CB1CBBC}.Release|Any CPU.Build.0 = Release|Any CPU
		{5E86DF4E-2E72-418A-8B46-56107CB1CBBC}.Release|x64.ActiveCfg = Release|Any CPU
		{5E86DF4E-2E72-418A-8B46-56107CB1CBBC}.Release|x64.Build.0 = Release|Any CPU
		{5E86DF4E-2E72-418A-8B46-56107CB1CBBC}.Release|x86.ActiveCfg = Release|Any CPU
		{5E86DF4E-2E72-418A-8B46-56107CB1CBBC}.Release|x86.Build.0 = Release|Any CPU
		{A5714EE4-4B9D-4F3F-ABDF-CFEDAFD431F5}.Debug|Any CPU.ActiveCfg = Debug|Any CPU
		{A5714EE4-4B9D-4F3F-ABDF-CFEDAFD431F5}.Debug|Any CPU.Build.0 = Debug|Any CPU
		{A5714EE4-4B9D-4F3F-ABDF-CFEDAFD431F5}.Debug|x64.ActiveCfg = Debug|Any CPU
		{A5714EE4-4B9D-4F3F-ABDF-CFEDAFD431F5}.Debug|x64.Build.0 = Debug|Any CPU
		{A5714EE4-4B9D-4F3F-ABDF-CFEDAFD431F5}.Debug|x86.ActiveCfg = Debug|Any CPU
		{A5714EE4-4B9D-4F3F-ABDF-CFEDAFD431F5}.Debug|x86.Build.0 = Debug|Any CPU
		{A5714EE4-4B9D-4F3F-ABDF-CFEDAFD431F5}.Release|Any CPU.ActiveCfg = Release|Any CPU
		{A5714EE4-4B9D-4F3F-ABDF-CFEDAFD431F5}.Release|Any CPU.Build.0 = Release|Any CPU
		{A5714EE4-4B9D-4F3F-ABDF-CFEDAFD431F5}.Release|x64.ActiveCfg = Release|Any CPU
		{A5714EE4-4B9D-4F3F-ABDF-CFEDAFD431F5}.Release|x64.Build.0 = Release|Any CPU
		{A5714EE4-4B9D-4F3F-ABDF-CFEDAFD431F5}.Release|x86.ActiveCfg = Release|Any CPU
		{A5714EE4-4B9D-4F3F-ABDF-CFEDAFD431F5}.Release|x86.Build.0 = Release|Any CPU
	EndGlobalSection
	GlobalSection(SolutionProperties) = preSolution
		HideSolutionNode = FALSE
	EndGlobalSection
	GlobalSection(NestedProjects) = preSolution
		{AB243053-7282-45D0-A16D-6FC0A93BB45B} = {827E0CD3-B72D-47B6-A68D-7590B98EB39B}
		{F4DF0705-613D-428F-8939-B3CE4D90A8F0} = {827E0CD3-B72D-47B6-A68D-7590B98EB39B}
		{6B9D0991-87E4-4544-93C1-4CF7FE491755} = {827E0CD3-B72D-47B6-A68D-7590B98EB39B}
		{6F18A38A-CAF1-43BB-B19B-1B7AC60CCF29} = {827E0CD3-B72D-47B6-A68D-7590B98EB39B}
		{CF9FF83A-E831-48A6-B98A-FDA7B108717E} = {0C88DD14-F956-CE84-757C-A364CCF449FC}
		{5E86DF4E-2E72-418A-8B46-56107CB1CBBC} = {0C88DD14-F956-CE84-757C-A364CCF449FC}
		{A5714EE4-4B9D-4F3F-ABDF-CFEDAFD431F5} = {0C88DD14-F956-CE84-757C-A364CCF449FC}
	EndGlobalSection
EndGlobal
